// !$*UTF8*$!
{
	archiveVersion = 1;
	classes = {
	};
	objectVersion = 46;
	objects = {

/* Begin PBXBuildFile section */
		000E7C906C574E769741DF5E /* Foundation.ttf in Resources */ = {isa = PBXBuildFile; fileRef = 014B77971A684452860E4924 /* Foundation.ttf */; };
		00C302E51ABCBA2D00DB3ED1 /* libRCTActionSheet.a in Frameworks */ = {isa = PBXBuildFile; fileRef = 00C302AC1ABCB8CE00DB3ED1 /* libRCTActionSheet.a */; };
		00C302E71ABCBA2D00DB3ED1 /* libRCTGeolocation.a in Frameworks */ = {isa = PBXBuildFile; fileRef = 00C302BA1ABCB90400DB3ED1 /* libRCTGeolocation.a */; };
		00C302E81ABCBA2D00DB3ED1 /* libRCTImage.a in Frameworks */ = {isa = PBXBuildFile; fileRef = 00C302C01ABCB91800DB3ED1 /* libRCTImage.a */; };
		00C302E91ABCBA2D00DB3ED1 /* libRCTNetwork.a in Frameworks */ = {isa = PBXBuildFile; fileRef = 00C302DC1ABCB9D200DB3ED1 /* libRCTNetwork.a */; };
		00C302EA1ABCBA2D00DB3ED1 /* libRCTVibration.a in Frameworks */ = {isa = PBXBuildFile; fileRef = 00C302E41ABCB9EE00DB3ED1 /* libRCTVibration.a */; };
		03029B6CB2F179CB4E84FED7 /* libPods-dmx.a in Frameworks */ = {isa = PBXBuildFile; fileRef = 7F4933DBA6C4008AF8660494 /* libPods-dmx.a */; };
		0639C1E11D1B269600AE4658 /* libB4HVINScanner.a in Frameworks */ = {isa = PBXBuildFile; fileRef = 0639C1DE1D1B269600AE4658 /* libB4HVINScanner.a */; };
		0639C1E21D1B269600AE4658 /* RNVinScanner.m in Sources */ = {isa = PBXBuildFile; fileRef = 0639C1E01D1B269600AE4658 /* RNVinScanner.m */; };
		0C7FBC451E185AFCF5CE1AC5 /* libPods-dmxTests.a in Frameworks */ = {isa = PBXBuildFile; fileRef = E7B285B61031CDE2DA1739A5 /* libPods-dmxTests.a */; };
		133E29F31AD74F7200F7D852 /* libRCTLinking.a in Frameworks */ = {isa = PBXBuildFile; fileRef = 78C398B91ACF4ADC00677621 /* libRCTLinking.a */; };
		139105C61AF99C1200B5F7CC /* libRCTSettings.a in Frameworks */ = {isa = PBXBuildFile; fileRef = 139105C11AF99BAD00B5F7CC /* libRCTSettings.a */; };
		139FDEF61B0652A700C62182 /* libRCTWebSocket.a in Frameworks */ = {isa = PBXBuildFile; fileRef = 139FDEF41B06529B00C62182 /* libRCTWebSocket.a */; };
		13B07FBC1A68108700A75B9A /* AppDelegate.m in Sources */ = {isa = PBXBuildFile; fileRef = 13B07FB01A68108700A75B9A /* AppDelegate.m */; };
		13B07FBF1A68108700A75B9A /* Images.xcassets in Resources */ = {isa = PBXBuildFile; fileRef = 13B07FB51A68108700A75B9A /* Images.xcassets */; };
		13B07FC11A68108700A75B9A /* main.m in Sources */ = {isa = PBXBuildFile; fileRef = 13B07FB71A68108700A75B9A /* main.m */; };
		146834051AC3E58100842450 /* libReact.a in Frameworks */ = {isa = PBXBuildFile; fileRef = 146834041AC3E56700842450 /* libReact.a */; };
		2678DA39D4A74CE5B29262CC /* FontAwesome.ttf in Resources */ = {isa = PBXBuildFile; fileRef = 7FC7CB8048E04672B6E07C59 /* FontAwesome.ttf */; };
		3BFA4509BBA943E79B473F2D /* EvilIcons.ttf in Resources */ = {isa = PBXBuildFile; fileRef = 5F6A0CB61AC24A82B631DB6D /* EvilIcons.ttf */; };
		3D455AE9097649B3ADA75F89 /* libRNSound.a in Frameworks */ = {isa = PBXBuildFile; fileRef = 79E9E45362764E8691F565E2 /* libRNSound.a */; };
		610CD3D9CF674C6085A2C766 /* libRCTOrientation.a in Frameworks */ = {isa = PBXBuildFile; fileRef = 6A6A54989F2D4F9E88460AD5 /* libRCTOrientation.a */; };
		6C1880581D6799AA00F29F41 /* libReactNativePermissions.a in Frameworks */ = {isa = PBXBuildFile; fileRef = 6C1880511D67988700F29F41 /* libReactNativePermissions.a */; };
		6F45C1D21CAE1DF900FD7E2F /* libRNDeviceInfo.a in Frameworks */ = {isa = PBXBuildFile; fileRef = 6F45C1D11CAE1D5800FD7E2F /* libRNDeviceInfo.a */; };
		832341BD1AAA6AB300B99B32 /* libRCTText.a in Frameworks */ = {isa = PBXBuildFile; fileRef = 832341B51AAA6A8300B99B32 /* libRCTText.a */; };
		989072602A63482AA9475474 /* libRNSVG.a in Frameworks */ = {isa = PBXBuildFile; fileRef = 33AE93ED54B34A63B299245C /* libRNSVG.a */; };
		A83B1C0A1CACCD5A0082335E /* libRCTPushNotification.a in Frameworks */ = {isa = PBXBuildFile; fileRef = A83B1BFB1CACCCE00082335E /* libRCTPushNotification.a */; };
		B021EB09957045378A815D0F /* Octicons.ttf in Resources */ = {isa = PBXBuildFile; fileRef = ED0760824D7348B8BD325366 /* Octicons.ttf */; };
		B2D486FAC62142EB8233E9DC /* libCodePush.a in Frameworks */ = {isa = PBXBuildFile; fileRef = 218C7CE759CF457DA14183ED /* libCodePush.a */; };
		BABFAB2E6F0191858F081520 /* ImageResizeManager.m in Sources */ = {isa = PBXBuildFile; fileRef = BABFA6A2D979856393C12AF3 /* ImageResizeManager.m */; };
		C4898656AFB74266883AE037 /* Zocial.ttf in Resources */ = {isa = PBXBuildFile; fileRef = C096C4B2B69748D8AEBC25B2 /* Zocial.ttf */; };
		C679D66670B8478590C6EAF7 /* Entypo.ttf in Resources */ = {isa = PBXBuildFile; fileRef = C4B6EEBC891B441595F03935 /* Entypo.ttf */; };
		D29B77FB2350450B8AC916BC /* MaterialIcons.ttf in Resources */ = {isa = PBXBuildFile; fileRef = 1BF342297E9946638939062C /* MaterialIcons.ttf */; };
		D63E7E6C5E9F48A89DB77D76 /* Ionicons.ttf in Resources */ = {isa = PBXBuildFile; fileRef = E7F3731B61024F9297B689EA /* Ionicons.ttf */; };
		DA7377D789664A28866DFDCC /* libRNAudio.a in Frameworks */ = {isa = PBXBuildFile; fileRef = 5FE79E3B450447DCB55BDBAA /* libRNAudio.a */; };
		DE0A4B831CCBC62500A637DF /* HockeySDK.framework in Frameworks */ = {isa = PBXBuildFile; fileRef = DE0A4B821CCBC62500A637DF /* HockeySDK.framework */; };
		DE1ACD741CF0426000091D44 /* FileUpload.m in Sources */ = {isa = PBXBuildFile; fileRef = DE1ACD731CF0426000091D44 /* FileUpload.m */; };
		DE1CB66E1CAD0BA00058DA88 /* dmx-font.ttf in Resources */ = {isa = PBXBuildFile; fileRef = DE1CB66D1CAD0BA00058DA88 /* dmx-font.ttf */; };
		DE83FCE91CF80CD100526ADA /* libRCTCamera.a in Frameworks */ = {isa = PBXBuildFile; fileRef = DE83FCE81CF80C8800526ADA /* libRCTCamera.a */; };
		DEB33A181CA8C967004A0BB5 /* base64.m in Sources */ = {isa = PBXBuildFile; fileRef = DEB33A161CA8C967004A0BB5 /* base64.m */; };
		DEB33A1B1CA93C8E004A0BB5 /* libstdc++.6.0.9.tbd in Frameworks */ = {isa = PBXBuildFile; fileRef = DEB33A1A1CA93C8E004A0BB5 /* libstdc++.6.0.9.tbd */; };
		DEF223D71CE2892400C6FC7E /* libz.tbd in Frameworks */ = {isa = PBXBuildFile; fileRef = DEF223D61CE2892400C6FC7E /* libz.tbd */; };
		E8A440E220ED40FC83C50C04 /* libRNVectorIcons.a in Frameworks */ = {isa = PBXBuildFile; fileRef = 4A5C133A014C4182BDCD41CD /* libRNVectorIcons.a */; };
		F175075F23F94A218B34E1C5 /* libRNFS.a in Frameworks */ = {isa = PBXBuildFile; fileRef = B2060043C0D844599C6830EE /* libRNFS.a */; };
		F442A3861D79C9A100A7B0AB /* LoginTestCase.m in Sources */ = {isa = PBXBuildFile; fileRef = F442A3851D79C9A100A7B0AB /* LoginTestCase.m */; };
		F442A3CD1D79DA5900A7B0AB /* KIFUITestActor+EXAdditions.m in Sources */ = {isa = PBXBuildFile; fileRef = F442A3CC1D79DA5900A7B0AB /* KIFUITestActor+EXAdditions.m */; };
		F442A3CE1D79ECE700A7B0AB /* libKIF.a in Frameworks */ = {isa = PBXBuildFile; fileRef = F4B34E651D78A7D2006D4AEB /* libKIF.a */; };
		F442A3CF1D79ECFF00A7B0AB /* CoreGraphics.framework in Frameworks */ = {isa = PBXBuildFile; fileRef = F442A3441D78AA3500A7B0AB /* CoreGraphics.framework */; };
		F442A3D01D79ED0700A7B0AB /* QuartzCore.framework in Frameworks */ = {isa = PBXBuildFile; fileRef = F442A3461D78AA3F00A7B0AB /* QuartzCore.framework */; };
/* End PBXBuildFile section */

/* Begin PBXContainerItemProxy section */
		00C302AB1ABCB8CE00DB3ED1 /* PBXContainerItemProxy */ = {
			isa = PBXContainerItemProxy;
			containerPortal = 00C302A71ABCB8CE00DB3ED1 /* RCTActionSheet.xcodeproj */;
			proxyType = 2;
			remoteGlobalIDString = 134814201AA4EA6300B7C361;
			remoteInfo = RCTActionSheet;
		};
		00C302B91ABCB90400DB3ED1 /* PBXContainerItemProxy */ = {
			isa = PBXContainerItemProxy;
			containerPortal = 00C302B51ABCB90400DB3ED1 /* RCTGeolocation.xcodeproj */;
			proxyType = 2;
			remoteGlobalIDString = 134814201AA4EA6300B7C361;
			remoteInfo = RCTGeolocation;
		};
		00C302BF1ABCB91800DB3ED1 /* PBXContainerItemProxy */ = {
			isa = PBXContainerItemProxy;
			containerPortal = 00C302BB1ABCB91800DB3ED1 /* RCTImage.xcodeproj */;
			proxyType = 2;
			remoteGlobalIDString = 58B5115D1A9E6B3D00147676;
			remoteInfo = RCTImage;
		};
		00C302DB1ABCB9D200DB3ED1 /* PBXContainerItemProxy */ = {
			isa = PBXContainerItemProxy;
			containerPortal = 00C302D31ABCB9D200DB3ED1 /* RCTNetwork.xcodeproj */;
			proxyType = 2;
			remoteGlobalIDString = 58B511DB1A9E6C8500147676;
			remoteInfo = RCTNetwork;
		};
		00C302E31ABCB9EE00DB3ED1 /* PBXContainerItemProxy */ = {
			isa = PBXContainerItemProxy;
			containerPortal = 00C302DF1ABCB9EE00DB3ED1 /* RCTVibration.xcodeproj */;
			proxyType = 2;
			remoteGlobalIDString = 832C81801AAF6DEF007FA2F7;
			remoteInfo = RCTVibration;
		};
		00E356F41AD99517003FC87E /* PBXContainerItemProxy */ = {
			isa = PBXContainerItemProxy;
			containerPortal = 83CBB9F71A601CBA00E9B192 /* Project object */;
			proxyType = 1;
			remoteGlobalIDString = 13B07F861A680F5B00A75B9A;
			remoteInfo = dmx;
		};
		0609E6E51D25CF6600806E98 /* PBXContainerItemProxy */ = {
			isa = PBXContainerItemProxy;
			containerPortal = E3FBAE803AB845E4A91E0A5A /* RNFS.xcodeproj */;
			proxyType = 2;
			remoteGlobalIDString = F12AFB9B1ADAF8F800E0535D;
			remoteInfo = RNFS;
		};
		069D688D1D1DA49700D7CCBD /* PBXContainerItemProxy */ = {
			isa = PBXContainerItemProxy;
			containerPortal = F26D3EFEB25C4E879FB0B602 /* RNAudio.xcodeproj */;
			proxyType = 2;
			remoteGlobalIDString = 42F559BA1CFC90C400DC3F84;
			remoteInfo = RNAudio;
		};
		06E407691D22B1A20033A7C5 /* PBXContainerItemProxy */ = {
			isa = PBXContainerItemProxy;
			containerPortal = FF6F7A539AB24D6394B7192F /* RNSound.xcodeproj */;
			proxyType = 2;
			remoteGlobalIDString = 19825A1E1BD4A89800EE0337;
			remoteInfo = RNSound;
		};
		139105C01AF99BAD00B5F7CC /* PBXContainerItemProxy */ = {
			isa = PBXContainerItemProxy;
			containerPortal = 139105B61AF99BAD00B5F7CC /* RCTSettings.xcodeproj */;
			proxyType = 2;
			remoteGlobalIDString = 134814201AA4EA6300B7C361;
			remoteInfo = RCTSettings;
		};
		139FDEF31B06529B00C62182 /* PBXContainerItemProxy */ = {
			isa = PBXContainerItemProxy;
			containerPortal = 139FDEE61B06529A00C62182 /* RCTWebSocket.xcodeproj */;
			proxyType = 2;
			remoteGlobalIDString = 3C86DF461ADF2C930047B81A;
			remoteInfo = RCTWebSocket;
		};
		146834031AC3E56700842450 /* PBXContainerItemProxy */ = {
			isa = PBXContainerItemProxy;
			containerPortal = 146833FF1AC3E56700842450 /* React.xcodeproj */;
			proxyType = 2;
			remoteGlobalIDString = 83CBBA2E1A601D0E00E9B192;
			remoteInfo = React;
		};
		6C1880501D67988700F29F41 /* PBXContainerItemProxy */ = {
			isa = PBXContainerItemProxy;
			containerPortal = 6C18803D1D67988600F29F41 /* ReactNativePermissions.xcodeproj */;
			proxyType = 2;
			remoteGlobalIDString = 9D23B34F1C767B80008B4819;
			remoteInfo = ReactNativePermissions;
		};
		6F45C1D01CAE1D5800FD7E2F /* PBXContainerItemProxy */ = {
			isa = PBXContainerItemProxy;
			containerPortal = 6F45C1CC1CAE1D5700FD7E2F /* RNDeviceInfo.xcodeproj */;
			proxyType = 2;
			remoteGlobalIDString = DA5891D81BA9A9FC002B4DB2;
			remoteInfo = RNDeviceInfo;
		};
		78C398B81ACF4ADC00677621 /* PBXContainerItemProxy */ = {
			isa = PBXContainerItemProxy;
			containerPortal = 78C398B01ACF4ADC00677621 /* RCTLinking.xcodeproj */;
			proxyType = 2;
			remoteGlobalIDString = 134814201AA4EA6300B7C361;
			remoteInfo = RCTLinking;
		};
		7DB878851D0FE209004F447E /* PBXContainerItemProxy */ = {
			isa = PBXContainerItemProxy;
			containerPortal = 732D0E6FF7B84ECAAE5C936A /* RCTOrientation.xcodeproj */;
			proxyType = 2;
			remoteGlobalIDString = 134814201AA4EA6300B7C361;
			remoteInfo = RCTOrientation;
		};
		832341B41AAA6A8300B99B32 /* PBXContainerItemProxy */ = {
			isa = PBXContainerItemProxy;
			containerPortal = 832341B01AAA6A8300B99B32 /* RCTText.xcodeproj */;
			proxyType = 2;
			remoteGlobalIDString = 58B5119B1A9E6C1200147676;
			remoteInfo = RCTText;
		};
		A83B1BFA1CACCCE00082335E /* PBXContainerItemProxy */ = {
			isa = PBXContainerItemProxy;
			containerPortal = A83B1BF61CACCCE00082335E /* RCTPushNotification.xcodeproj */;
			proxyType = 2;
			remoteGlobalIDString = 134814201AA4EA6300B7C361;
			remoteInfo = RCTPushNotification;
		};
		A85BF0FB1C94E83A00AD8AF9 /* PBXContainerItemProxy */ = {
			isa = PBXContainerItemProxy;
			containerPortal = 7F98AC43211344C684DAEA00 /* RNVectorIcons.xcodeproj */;
			proxyType = 2;
			remoteGlobalIDString = 5DBEB1501B18CEA900B34395;
			remoteInfo = RNVectorIcons;
		};
		DE18ED241CCCF71C005BD882 /* PBXContainerItemProxy */ = {
			isa = PBXContainerItemProxy;
			containerPortal = 1A259CD148C84F28A76A7D9B /* RNSVG.xcodeproj */;
			proxyType = 2;
			remoteGlobalIDString = 0CF68AC11AF0540F00FF9E5C;
			remoteInfo = RNSVG;
		};
		DE83FCE71CF80C8800526ADA /* PBXContainerItemProxy */ = {
			isa = PBXContainerItemProxy;
			containerPortal = DE83FCE31CF80C8800526ADA /* RCTCamera.xcodeproj */;
			proxyType = 2;
			remoteGlobalIDString = 4107012F1ACB723B00C6AA39;
			remoteInfo = RCTCamera;
		};
		DEB271D61D43773B00A6498B /* PBXContainerItemProxy */ = {
			isa = PBXContainerItemProxy;
			containerPortal = DEB271D21D43773A00A6498B /* Pods.xcodeproj */;
			proxyType = 2;
			remoteGlobalIDString = 9C8C4232EB0A71CE876F06BBACA0730B;
			remoteInfo = "Pods-dmx";
		};
		DEF223C51CE288C700C6FC7E /* PBXContainerItemProxy */ = {
			isa = PBXContainerItemProxy;
			containerPortal = A10079B7E090452F9A961443 /* CodePush.xcodeproj */;
			proxyType = 2;
			remoteGlobalIDString = 134814201AA4EA6300B7C361;
			remoteInfo = CodePush;
		};
		F4B34E641D78A7D2006D4AEB /* PBXContainerItemProxy */ = {
			isa = PBXContainerItemProxy;
			containerPortal = DEB271D21D43773A00A6498B /* Pods.xcodeproj */;
			proxyType = 2;
			remoteGlobalIDString = 0549029FA2968C355A69C62387944631;
			remoteInfo = KIF;
		};
		F4C54F731D7A5850001AF70D /* PBXContainerItemProxy */ = {
			isa = PBXContainerItemProxy;
			containerPortal = DEB271D21D43773A00A6498B /* Pods.xcodeproj */;
			proxyType = 2;
			remoteGlobalIDString = E03BA313A0D6F0524E05072EFF152613;
			remoteInfo = "Pods-dmxTests";
		};
/* End PBXContainerItemProxy section */

/* Begin PBXFileReference section */
		00C302A71ABCB8CE00DB3ED1 /* RCTActionSheet.xcodeproj */ = {isa = PBXFileReference; lastKnownFileType = "wrapper.pb-project"; name = RCTActionSheet.xcodeproj; path = "../node_modules/react-native/Libraries/ActionSheetIOS/RCTActionSheet.xcodeproj"; sourceTree = "<group>"; };
		00C302B51ABCB90400DB3ED1 /* RCTGeolocation.xcodeproj */ = {isa = PBXFileReference; lastKnownFileType = "wrapper.pb-project"; name = RCTGeolocation.xcodeproj; path = "../node_modules/react-native/Libraries/Geolocation/RCTGeolocation.xcodeproj"; sourceTree = "<group>"; };
		00C302BB1ABCB91800DB3ED1 /* RCTImage.xcodeproj */ = {isa = PBXFileReference; lastKnownFileType = "wrapper.pb-project"; name = RCTImage.xcodeproj; path = "../node_modules/react-native/Libraries/Image/RCTImage.xcodeproj"; sourceTree = "<group>"; };
		00C302D31ABCB9D200DB3ED1 /* RCTNetwork.xcodeproj */ = {isa = PBXFileReference; lastKnownFileType = "wrapper.pb-project"; name = RCTNetwork.xcodeproj; path = "../node_modules/react-native/Libraries/Network/RCTNetwork.xcodeproj"; sourceTree = "<group>"; };
		00C302DF1ABCB9EE00DB3ED1 /* RCTVibration.xcodeproj */ = {isa = PBXFileReference; lastKnownFileType = "wrapper.pb-project"; name = RCTVibration.xcodeproj; path = "../node_modules/react-native/Libraries/Vibration/RCTVibration.xcodeproj"; sourceTree = "<group>"; };
		00E356EE1AD99517003FC87E /* dmxTests.xctest */ = {isa = PBXFileReference; explicitFileType = wrapper.cfbundle; includeInIndex = 0; path = dmxTests.xctest; sourceTree = BUILT_PRODUCTS_DIR; };
		00E356F11AD99517003FC87E /* Info.plist */ = {isa = PBXFileReference; lastKnownFileType = text.plist.xml; path = Info.plist; sourceTree = "<group>"; };
		014B77971A684452860E4924 /* Foundation.ttf */ = {isa = PBXFileReference; explicitFileType = undefined; fileEncoding = 9; includeInIndex = 0; lastKnownFileType = unknown; name = Foundation.ttf; path = "../node_modules/react-native-vector-icons/Fonts/Foundation.ttf"; sourceTree = "<group>"; };
		0639C1DD1D1B269600AE4658 /* B4HScannerController.h */ = {isa = PBXFileReference; fileEncoding = 4; lastKnownFileType = sourcecode.c.h; path = B4HScannerController.h; sourceTree = "<group>"; };
		0639C1DE1D1B269600AE4658 /* libB4HVINScanner.a */ = {isa = PBXFileReference; lastKnownFileType = archive.ar; path = libB4HVINScanner.a; sourceTree = "<group>"; };
		0639C1DF1D1B269600AE4658 /* RNVinScanner.h */ = {isa = PBXFileReference; fileEncoding = 4; lastKnownFileType = sourcecode.c.h; path = RNVinScanner.h; sourceTree = "<group>"; };
		0639C1E01D1B269600AE4658 /* RNVinScanner.m */ = {isa = PBXFileReference; fileEncoding = 4; lastKnownFileType = sourcecode.c.objc; path = RNVinScanner.m; sourceTree = "<group>"; };
		139105B61AF99BAD00B5F7CC /* RCTSettings.xcodeproj */ = {isa = PBXFileReference; lastKnownFileType = "wrapper.pb-project"; name = RCTSettings.xcodeproj; path = "../node_modules/react-native/Libraries/Settings/RCTSettings.xcodeproj"; sourceTree = "<group>"; };
		139FDEE61B06529A00C62182 /* RCTWebSocket.xcodeproj */ = {isa = PBXFileReference; lastKnownFileType = "wrapper.pb-project"; name = RCTWebSocket.xcodeproj; path = "../node_modules/react-native/Libraries/WebSocket/RCTWebSocket.xcodeproj"; sourceTree = "<group>"; };
		13B07F961A680F5B00A75B9A /* dmx.app */ = {isa = PBXFileReference; explicitFileType = wrapper.application; includeInIndex = 0; path = dmx.app; sourceTree = BUILT_PRODUCTS_DIR; };
		13B07FAF1A68108700A75B9A /* AppDelegate.h */ = {isa = PBXFileReference; fileEncoding = 4; lastKnownFileType = sourcecode.c.h; name = AppDelegate.h; path = dmx/AppDelegate.h; sourceTree = "<group>"; };
		13B07FB01A68108700A75B9A /* AppDelegate.m */ = {isa = PBXFileReference; fileEncoding = 4; lastKnownFileType = sourcecode.c.objc; name = AppDelegate.m; path = dmx/AppDelegate.m; sourceTree = "<group>"; };
		13B07FB51A68108700A75B9A /* Images.xcassets */ = {isa = PBXFileReference; lastKnownFileType = folder.assetcatalog; name = Images.xcassets; path = dmx/Images.xcassets; sourceTree = "<group>"; };
		13B07FB61A68108700A75B9A /* Info.plist */ = {isa = PBXFileReference; fileEncoding = 4; lastKnownFileType = text.plist.xml; name = Info.plist; path = dmx/Info.plist; sourceTree = "<group>"; };
		13B07FB71A68108700A75B9A /* main.m */ = {isa = PBXFileReference; fileEncoding = 4; lastKnownFileType = sourcecode.c.objc; name = main.m; path = dmx/main.m; sourceTree = "<group>"; };
		146833FF1AC3E56700842450 /* React.xcodeproj */ = {isa = PBXFileReference; lastKnownFileType = "wrapper.pb-project"; name = React.xcodeproj; path = "../node_modules/react-native/React/React.xcodeproj"; sourceTree = "<group>"; };
		1A259CD148C84F28A76A7D9B /* RNSVG.xcodeproj */ = {isa = PBXFileReference; explicitFileType = undefined; fileEncoding = 9; includeInIndex = 0; lastKnownFileType = "wrapper.pb-project"; name = RNSVG.xcodeproj; path = "../node_modules/react-native-svg/ios/RNSVG.xcodeproj"; sourceTree = "<group>"; };
		1BF342297E9946638939062C /* MaterialIcons.ttf */ = {isa = PBXFileReference; explicitFileType = undefined; fileEncoding = 9; includeInIndex = 0; lastKnownFileType = unknown; name = MaterialIcons.ttf; path = "../node_modules/react-native-vector-icons/Fonts/MaterialIcons.ttf"; sourceTree = "<group>"; };
		218C7CE759CF457DA14183ED /* libCodePush.a */ = {isa = PBXFileReference; explicitFileType = undefined; fileEncoding = 9; includeInIndex = 0; lastKnownFileType = archive.ar; path = libCodePush.a; sourceTree = "<group>"; };
		33AE93ED54B34A63B299245C /* libRNSVG.a */ = {isa = PBXFileReference; explicitFileType = undefined; fileEncoding = 9; includeInIndex = 0; lastKnownFileType = archive.ar; path = libRNSVG.a; sourceTree = "<group>"; };
		4A5C133A014C4182BDCD41CD /* libRNVectorIcons.a */ = {isa = PBXFileReference; explicitFileType = undefined; fileEncoding = 9; includeInIndex = 0; lastKnownFileType = archive.ar; path = libRNVectorIcons.a; sourceTree = "<group>"; };
		5F6A0CB61AC24A82B631DB6D /* EvilIcons.ttf */ = {isa = PBXFileReference; explicitFileType = undefined; fileEncoding = 9; includeInIndex = 0; lastKnownFileType = unknown; name = EvilIcons.ttf; path = "../node_modules/react-native-vector-icons/Fonts/EvilIcons.ttf"; sourceTree = "<group>"; };
		5FE79E3B450447DCB55BDBAA /* libRNAudio.a */ = {isa = PBXFileReference; explicitFileType = undefined; fileEncoding = 9; includeInIndex = 0; lastKnownFileType = archive.ar; path = libRNAudio.a; sourceTree = "<group>"; };
		6A6A54989F2D4F9E88460AD5 /* libRCTOrientation.a */ = {isa = PBXFileReference; explicitFileType = undefined; fileEncoding = 9; includeInIndex = 0; lastKnownFileType = archive.ar; path = libRCTOrientation.a; sourceTree = "<group>"; };
		6C18803D1D67988600F29F41 /* ReactNativePermissions.xcodeproj */ = {isa = PBXFileReference; lastKnownFileType = "wrapper.pb-project"; name = ReactNativePermissions.xcodeproj; path = "../node_modules/react-native-permissions/ReactNativePermissions.xcodeproj"; sourceTree = "<group>"; };
		6F45C1CC1CAE1D5700FD7E2F /* RNDeviceInfo.xcodeproj */ = {isa = PBXFileReference; lastKnownFileType = "wrapper.pb-project"; name = RNDeviceInfo.xcodeproj; path = "../node_modules/react-native-device-info/RNDeviceInfo.xcodeproj"; sourceTree = "<group>"; };
		732D0E6FF7B84ECAAE5C936A /* RCTOrientation.xcodeproj */ = {isa = PBXFileReference; explicitFileType = undefined; fileEncoding = 9; includeInIndex = 0; lastKnownFileType = "wrapper.pb-project"; name = RCTOrientation.xcodeproj; path = "../node_modules/react-native-orientation/iOS/RCTOrientation.xcodeproj"; sourceTree = "<group>"; };
		78C398B01ACF4ADC00677621 /* RCTLinking.xcodeproj */ = {isa = PBXFileReference; lastKnownFileType = "wrapper.pb-project"; name = RCTLinking.xcodeproj; path = "../node_modules/react-native/Libraries/LinkingIOS/RCTLinking.xcodeproj"; sourceTree = "<group>"; };
		79E9E45362764E8691F565E2 /* libRNSound.a */ = {isa = PBXFileReference; explicitFileType = undefined; fileEncoding = 9; includeInIndex = 0; lastKnownFileType = archive.ar; path = libRNSound.a; sourceTree = "<group>"; };
		7F4933DBA6C4008AF8660494 /* libPods-dmx.a */ = {isa = PBXFileReference; explicitFileType = archive.ar; includeInIndex = 0; path = "libPods-dmx.a"; sourceTree = BUILT_PRODUCTS_DIR; };
		7F98AC43211344C684DAEA00 /* RNVectorIcons.xcodeproj */ = {isa = PBXFileReference; explicitFileType = undefined; fileEncoding = 9; includeInIndex = 0; lastKnownFileType = "wrapper.pb-project"; name = RNVectorIcons.xcodeproj; path = "../node_modules/react-native-vector-icons/RNVectorIcons.xcodeproj"; sourceTree = "<group>"; };
		7FC7CB8048E04672B6E07C59 /* FontAwesome.ttf */ = {isa = PBXFileReference; explicitFileType = undefined; fileEncoding = 9; includeInIndex = 0; lastKnownFileType = unknown; name = FontAwesome.ttf; path = "../node_modules/react-native-vector-icons/Fonts/FontAwesome.ttf"; sourceTree = "<group>"; };
		832341B01AAA6A8300B99B32 /* RCTText.xcodeproj */ = {isa = PBXFileReference; lastKnownFileType = "wrapper.pb-project"; name = RCTText.xcodeproj; path = "../node_modules/react-native/Libraries/Text/RCTText.xcodeproj"; sourceTree = "<group>"; };
		A10079B7E090452F9A961443 /* CodePush.xcodeproj */ = {isa = PBXFileReference; explicitFileType = undefined; fileEncoding = 9; includeInIndex = 0; lastKnownFileType = "wrapper.pb-project"; name = CodePush.xcodeproj; path = "../node_modules/react-native-code-push/ios/CodePush.xcodeproj"; sourceTree = "<group>"; };
		A83B1BF61CACCCE00082335E /* RCTPushNotification.xcodeproj */ = {isa = PBXFileReference; lastKnownFileType = "wrapper.pb-project"; name = RCTPushNotification.xcodeproj; path = "../node_modules/react-native/Libraries/PushNotificationIOS/RCTPushNotification.xcodeproj"; sourceTree = "<group>"; };
		AC7A2AF2DC73EC97814B2FB0 /* Pods-dmx.debug.xcconfig */ = {isa = PBXFileReference; includeInIndex = 1; lastKnownFileType = text.xcconfig; name = "Pods-dmx.debug.xcconfig"; path = "Pods/Target Support Files/Pods-dmx/Pods-dmx.debug.xcconfig"; sourceTree = "<group>"; };
		B2060043C0D844599C6830EE /* libRNFS.a */ = {isa = PBXFileReference; explicitFileType = undefined; fileEncoding = 9; includeInIndex = 0; lastKnownFileType = archive.ar; path = libRNFS.a; sourceTree = "<group>"; };
		BABFA6A2D979856393C12AF3 /* ImageResizeManager.m */ = {isa = PBXFileReference; fileEncoding = 4; lastKnownFileType = sourcecode.c.objc; path = ImageResizeManager.m; sourceTree = "<group>"; };
		BABFAE0C1025114A39F54F33 /* ImageResizeManager.h */ = {isa = PBXFileReference; fileEncoding = 4; lastKnownFileType = sourcecode.c.h; path = ImageResizeManager.h; sourceTree = "<group>"; };
		C089F934792C54BD67D38EBA /* Pods-dmxTests.release.xcconfig */ = {isa = PBXFileReference; includeInIndex = 1; lastKnownFileType = text.xcconfig; name = "Pods-dmxTests.release.xcconfig"; path = "Pods/Target Support Files/Pods-dmxTests/Pods-dmxTests.release.xcconfig"; sourceTree = "<group>"; };
		C096C4B2B69748D8AEBC25B2 /* Zocial.ttf */ = {isa = PBXFileReference; explicitFileType = undefined; fileEncoding = 9; includeInIndex = 0; lastKnownFileType = unknown; name = Zocial.ttf; path = "../node_modules/react-native-vector-icons/Fonts/Zocial.ttf"; sourceTree = "<group>"; };
		C4B6EEBC891B441595F03935 /* Entypo.ttf */ = {isa = PBXFileReference; explicitFileType = undefined; fileEncoding = 9; includeInIndex = 0; lastKnownFileType = unknown; name = Entypo.ttf; path = "../node_modules/react-native-vector-icons/Fonts/Entypo.ttf"; sourceTree = "<group>"; };
		DE0A4B801CCBC5C000A637DF /* HockeySDK.embeddedframework */ = {isa = PBXFileReference; lastKnownFileType = folder; name = HockeySDK.embeddedframework; path = "HockeySDK-iOS/HockeySDK.embeddedframework"; sourceTree = "<group>"; };
		DE0A4B821CCBC62500A637DF /* HockeySDK.framework */ = {isa = PBXFileReference; lastKnownFileType = wrapper.framework; name = HockeySDK.framework; path = "HockeySDK-iOS/HockeySDK.embeddedframework/HockeySDK.framework"; sourceTree = "<group>"; };
		DE1ACD731CF0426000091D44 /* FileUpload.m */ = {isa = PBXFileReference; fileEncoding = 4; lastKnownFileType = sourcecode.c.objc; name = FileUpload.m; path = "../node_modules/react-native-fileupload/FileUpload.m"; sourceTree = "<group>"; };
		DE1CB66D1CAD0BA00058DA88 /* dmx-font.ttf */ = {isa = PBXFileReference; lastKnownFileType = file; path = "dmx-font.ttf"; sourceTree = "<group>"; };
		DE83FCE31CF80C8800526ADA /* RCTCamera.xcodeproj */ = {isa = PBXFileReference; lastKnownFileType = "wrapper.pb-project"; name = RCTCamera.xcodeproj; path = "../node_modules/react-native-camera/ios/RCTCamera.xcodeproj"; sourceTree = "<group>"; };
		DEB271D21D43773A00A6498B /* Pods.xcodeproj */ = {isa = PBXFileReference; lastKnownFileType = "wrapper.pb-project"; name = Pods.xcodeproj; path = Pods/Pods.xcodeproj; sourceTree = "<group>"; };
		DEB33A151CA8C967004A0BB5 /* base64.h */ = {isa = PBXFileReference; fileEncoding = 4; lastKnownFileType = sourcecode.c.h; path = base64.h; sourceTree = "<group>"; };
		DEB33A161CA8C967004A0BB5 /* base64.m */ = {isa = PBXFileReference; fileEncoding = 4; lastKnownFileType = sourcecode.c.objc; path = base64.m; sourceTree = "<group>"; };
		DEB33A1A1CA93C8E004A0BB5 /* libstdc++.6.0.9.tbd */ = {isa = PBXFileReference; lastKnownFileType = "sourcecode.text-based-dylib-definition"; name = "libstdc++.6.0.9.tbd"; path = "usr/lib/libstdc++.6.0.9.tbd"; sourceTree = SDKROOT; };
		DEF223D61CE2892400C6FC7E /* libz.tbd */ = {isa = PBXFileReference; lastKnownFileType = "sourcecode.text-based-dylib-definition"; name = libz.tbd; path = usr/lib/libz.tbd; sourceTree = SDKROOT; };
		E3FBAE803AB845E4A91E0A5A /* RNFS.xcodeproj */ = {isa = PBXFileReference; explicitFileType = undefined; fileEncoding = 9; includeInIndex = 0; lastKnownFileType = "wrapper.pb-project"; name = RNFS.xcodeproj; path = "../node_modules/react-native-fs/RNFS.xcodeproj"; sourceTree = "<group>"; };
		E7B285B61031CDE2DA1739A5 /* libPods-dmxTests.a */ = {isa = PBXFileReference; explicitFileType = archive.ar; includeInIndex = 0; path = "libPods-dmxTests.a"; sourceTree = BUILT_PRODUCTS_DIR; };
		E7F3731B61024F9297B689EA /* Ionicons.ttf */ = {isa = PBXFileReference; explicitFileType = undefined; fileEncoding = 9; includeInIndex = 0; lastKnownFileType = unknown; name = Ionicons.ttf; path = "../node_modules/react-native-vector-icons/Fonts/Ionicons.ttf"; sourceTree = "<group>"; };
		ED0760824D7348B8BD325366 /* Octicons.ttf */ = {isa = PBXFileReference; explicitFileType = undefined; fileEncoding = 9; includeInIndex = 0; lastKnownFileType = unknown; name = Octicons.ttf; path = "../node_modules/react-native-vector-icons/Fonts/Octicons.ttf"; sourceTree = "<group>"; };
		F1323208FAE94E33E307C479 /* Pods-dmx.release.xcconfig */ = {isa = PBXFileReference; includeInIndex = 1; lastKnownFileType = text.xcconfig; name = "Pods-dmx.release.xcconfig"; path = "Pods/Target Support Files/Pods-dmx/Pods-dmx.release.xcconfig"; sourceTree = "<group>"; };
		F16BB0F6BF75AF3922D74AB5 /* Pods-dmxTests.debug.xcconfig */ = {isa = PBXFileReference; includeInIndex = 1; lastKnownFileType = text.xcconfig; name = "Pods-dmxTests.debug.xcconfig"; path = "Pods/Target Support Files/Pods-dmxTests/Pods-dmxTests.debug.xcconfig"; sourceTree = "<group>"; };
		F26D3EFEB25C4E879FB0B602 /* RNAudio.xcodeproj */ = {isa = PBXFileReference; explicitFileType = undefined; fileEncoding = 9; includeInIndex = 0; lastKnownFileType = "wrapper.pb-project"; name = RNAudio.xcodeproj; path = "../node_modules/react-native-audio/ios/RNAudio.xcodeproj"; sourceTree = "<group>"; };
		F442A3441D78AA3500A7B0AB /* CoreGraphics.framework */ = {isa = PBXFileReference; lastKnownFileType = wrapper.framework; name = CoreGraphics.framework; path = System/Library/Frameworks/CoreGraphics.framework; sourceTree = SDKROOT; };
		F442A3461D78AA3F00A7B0AB /* QuartzCore.framework */ = {isa = PBXFileReference; lastKnownFileType = wrapper.framework; name = QuartzCore.framework; path = System/Library/Frameworks/QuartzCore.framework; sourceTree = SDKROOT; };
		F442A3841D79C7F400A7B0AB /* LoginTestCase.h */ = {isa = PBXFileReference; fileEncoding = 4; lastKnownFileType = sourcecode.c.h; path = LoginTestCase.h; sourceTree = "<group>"; };
		F442A3851D79C9A100A7B0AB /* LoginTestCase.m */ = {isa = PBXFileReference; fileEncoding = 4; lastKnownFileType = sourcecode.c.objc; path = LoginTestCase.m; sourceTree = "<group>"; };
		F442A3B31D79DA1D00A7B0AB /* KIFUITestActor+EXAdditions.h */ = {isa = PBXFileReference; fileEncoding = 4; lastKnownFileType = sourcecode.c.h; path = "KIFUITestActor+EXAdditions.h"; sourceTree = "<group>"; };
		F442A3CC1D79DA5900A7B0AB /* KIFUITestActor+EXAdditions.m */ = {isa = PBXFileReference; fileEncoding = 4; lastKnownFileType = sourcecode.c.objc; path = "KIFUITestActor+EXAdditions.m"; sourceTree = "<group>"; };
		FF6F7A539AB24D6394B7192F /* RNSound.xcodeproj */ = {isa = PBXFileReference; explicitFileType = undefined; fileEncoding = 9; includeInIndex = 0; lastKnownFileType = "wrapper.pb-project"; name = RNSound.xcodeproj; path = "../node_modules/react-native-sound/RNSound.xcodeproj"; sourceTree = "<group>"; };
/* End PBXFileReference section */

/* Begin PBXFrameworksBuildPhase section */
		00E356EB1AD99517003FC87E /* Frameworks */ = {
			isa = PBXFrameworksBuildPhase;
			buildActionMask = 2147483647;
			files = (
				F442A3D01D79ED0700A7B0AB /* QuartzCore.framework in Frameworks */,
				F442A3CF1D79ECFF00A7B0AB /* CoreGraphics.framework in Frameworks */,
				F442A3CE1D79ECE700A7B0AB /* libKIF.a in Frameworks */,
				0C7FBC451E185AFCF5CE1AC5 /* libPods-dmxTests.a in Frameworks */,
			);
			runOnlyForDeploymentPostprocessing = 0;
		};
		13B07F8C1A680F5B00A75B9A /* Frameworks */ = {
			isa = PBXFrameworksBuildPhase;
			buildActionMask = 2147483647;
			files = (
				6C1880581D6799AA00F29F41 /* libReactNativePermissions.a in Frameworks */,
				DE83FCE91CF80CD100526ADA /* libRCTCamera.a in Frameworks */,
				DEF223D71CE2892400C6FC7E /* libz.tbd in Frameworks */,
				DE0A4B831CCBC62500A637DF /* HockeySDK.framework in Frameworks */,
				6F45C1D21CAE1DF900FD7E2F /* libRNDeviceInfo.a in Frameworks */,
				DEB33A1B1CA93C8E004A0BB5 /* libstdc++.6.0.9.tbd in Frameworks */,
				A83B1C0A1CACCD5A0082335E /* libRCTPushNotification.a in Frameworks */,
				146834051AC3E58100842450 /* libReact.a in Frameworks */,
				00C302E51ABCBA2D00DB3ED1 /* libRCTActionSheet.a in Frameworks */,
				00C302E71ABCBA2D00DB3ED1 /* libRCTGeolocation.a in Frameworks */,
				00C302E81ABCBA2D00DB3ED1 /* libRCTImage.a in Frameworks */,
				133E29F31AD74F7200F7D852 /* libRCTLinking.a in Frameworks */,
				00C302E91ABCBA2D00DB3ED1 /* libRCTNetwork.a in Frameworks */,
				139105C61AF99C1200B5F7CC /* libRCTSettings.a in Frameworks */,
				832341BD1AAA6AB300B99B32 /* libRCTText.a in Frameworks */,
				0639C1E11D1B269600AE4658 /* libB4HVINScanner.a in Frameworks */,
				00C302EA1ABCBA2D00DB3ED1 /* libRCTVibration.a in Frameworks */,
				139FDEF61B0652A700C62182 /* libRCTWebSocket.a in Frameworks */,
				E8A440E220ED40FC83C50C04 /* libRNVectorIcons.a in Frameworks */,
				989072602A63482AA9475474 /* libRNSVG.a in Frameworks */,
				B2D486FAC62142EB8233E9DC /* libCodePush.a in Frameworks */,
				610CD3D9CF674C6085A2C766 /* libRCTOrientation.a in Frameworks */,
				DA7377D789664A28866DFDCC /* libRNAudio.a in Frameworks */,
				3D455AE9097649B3ADA75F89 /* libRNSound.a in Frameworks */,
				F175075F23F94A218B34E1C5 /* libRNFS.a in Frameworks */,
				03029B6CB2F179CB4E84FED7 /* libPods-dmx.a in Frameworks */,
			);
			runOnlyForDeploymentPostprocessing = 0;
		};
/* End PBXFrameworksBuildPhase section */

/* Begin PBXGroup section */
		00C302A81ABCB8CE00DB3ED1 /* Products */ = {
			isa = PBXGroup;
			children = (
				00C302AC1ABCB8CE00DB3ED1 /* libRCTActionSheet.a */,
			);
			name = Products;
			sourceTree = "<group>";
		};
		00C302B61ABCB90400DB3ED1 /* Products */ = {
			isa = PBXGroup;
			children = (
				00C302BA1ABCB90400DB3ED1 /* libRCTGeolocation.a */,
			);
			name = Products;
			sourceTree = "<group>";
		};
		00C302BC1ABCB91800DB3ED1 /* Products */ = {
			isa = PBXGroup;
			children = (
				00C302C01ABCB91800DB3ED1 /* libRCTImage.a */,
			);
			name = Products;
			sourceTree = "<group>";
		};
		00C302D41ABCB9D200DB3ED1 /* Products */ = {
			isa = PBXGroup;
			children = (
				00C302DC1ABCB9D200DB3ED1 /* libRCTNetwork.a */,
			);
			name = Products;
			sourceTree = "<group>";
		};
		00C302E01ABCB9EE00DB3ED1 /* Products */ = {
			isa = PBXGroup;
			children = (
				00C302E41ABCB9EE00DB3ED1 /* libRCTVibration.a */,
			);
			name = Products;
			sourceTree = "<group>";
		};
		00E356EF1AD99517003FC87E /* dmxTests */ = {
			isa = PBXGroup;
			children = (
				00E356F01AD99517003FC87E /* Supporting Files */,
				F442A3841D79C7F400A7B0AB /* LoginTestCase.h */,
				F442A3851D79C9A100A7B0AB /* LoginTestCase.m */,
				F442A3B31D79DA1D00A7B0AB /* KIFUITestActor+EXAdditions.h */,
				F442A3CC1D79DA5900A7B0AB /* KIFUITestActor+EXAdditions.m */,
			);
			path = dmxTests;
			sourceTree = "<group>";
		};
		00E356F01AD99517003FC87E /* Supporting Files */ = {
			isa = PBXGroup;
			children = (
				00E356F11AD99517003FC87E /* Info.plist */,
			);
			name = "Supporting Files";
			sourceTree = "<group>";
		};
		0609E6D11D25CF6600806E98 /* Products */ = {
			isa = PBXGroup;
			children = (
				0609E6E61D25CF6600806E98 /* libRNFS.a */,
			);
			name = Products;
			sourceTree = "<group>";
		};
		069D687C1D1DA49700D7CCBD /* Products */ = {
			isa = PBXGroup;
			children = (
				069D688E1D1DA49700D7CCBD /* libRNAudio.a */,
			);
			name = Products;
			sourceTree = "<group>";
		};
		06E407561D22B1A20033A7C5 /* Products */ = {
			isa = PBXGroup;
			children = (
				06E4076A1D22B1A20033A7C5 /* libRNSound.a */,
			);
			name = Products;
			sourceTree = "<group>";
		};
		139105B71AF99BAD00B5F7CC /* Products */ = {
			isa = PBXGroup;
			children = (
				139105C11AF99BAD00B5F7CC /* libRCTSettings.a */,
			);
			name = Products;
			sourceTree = "<group>";
		};
		139FDEE71B06529A00C62182 /* Products */ = {
			isa = PBXGroup;
			children = (
				139FDEF41B06529B00C62182 /* libRCTWebSocket.a */,
			);
			name = Products;
			sourceTree = "<group>";
		};
		13B07FAE1A68108700A75B9A /* dmx */ = {
			isa = PBXGroup;
			children = (
				0639C1DD1D1B269600AE4658 /* B4HScannerController.h */,
				0639C1DE1D1B269600AE4658 /* libB4HVINScanner.a */,
				0639C1DF1D1B269600AE4658 /* RNVinScanner.h */,
				0639C1E01D1B269600AE4658 /* RNVinScanner.m */,
				DE1ACD731CF0426000091D44 /* FileUpload.m */,
				DEB33A1A1CA93C8E004A0BB5 /* libstdc++.6.0.9.tbd */,
				DEB33A151CA8C967004A0BB5 /* base64.h */,
				DEB33A161CA8C967004A0BB5 /* base64.m */,
				13B07FAF1A68108700A75B9A /* AppDelegate.h */,
				13B07FB01A68108700A75B9A /* AppDelegate.m */,
				13B07FB51A68108700A75B9A /* Images.xcassets */,
				13B07FB61A68108700A75B9A /* Info.plist */,
				13B07FB71A68108700A75B9A /* main.m */,
				BABFA6A2D979856393C12AF3 /* ImageResizeManager.m */,
				BABFAE0C1025114A39F54F33 /* ImageResizeManager.h */,
			);
			name = dmx;
			sourceTree = "<group>";
		};
		146834001AC3E56700842450 /* Products */ = {
			isa = PBXGroup;
			children = (
				146834041AC3E56700842450 /* libReact.a */,
			);
			name = Products;
			sourceTree = "<group>";
		};
		6C18803E1D67988600F29F41 /* Products */ = {
			isa = PBXGroup;
			children = (
				6C1880511D67988700F29F41 /* libReactNativePermissions.a */,
			);
			name = Products;
			sourceTree = "<group>";
		};
		6F45C1CD1CAE1D5700FD7E2F /* Products */ = {
			isa = PBXGroup;
			children = (
				6F45C1D11CAE1D5800FD7E2F /* libRNDeviceInfo.a */,
			);
			name = Products;
			sourceTree = "<group>";
		};
		78C398B11ACF4ADC00677621 /* Products */ = {
			isa = PBXGroup;
			children = (
				78C398B91ACF4ADC00677621 /* libRCTLinking.a */,
			);
			name = Products;
			sourceTree = "<group>";
		};
		7DB8787B1D0FE209004F447E /* Products */ = {
			isa = PBXGroup;
			children = (
				7DB878861D0FE209004F447E /* libRCTOrientation.a */,
			);
			name = Products;
			sourceTree = "<group>";
		};
		832341AE1AAA6A7D00B99B32 /* Libraries */ = {
			isa = PBXGroup;
			children = (
				6C18803D1D67988600F29F41 /* ReactNativePermissions.xcodeproj */,
				DEB271D21D43773A00A6498B /* Pods.xcodeproj */,
				DE83FCE31CF80C8800526ADA /* RCTCamera.xcodeproj */,
				A83B1BF61CACCCE00082335E /* RCTPushNotification.xcodeproj */,
				6F45C1CC1CAE1D5700FD7E2F /* RNDeviceInfo.xcodeproj */,
				146833FF1AC3E56700842450 /* React.xcodeproj */,
				00C302A71ABCB8CE00DB3ED1 /* RCTActionSheet.xcodeproj */,
				00C302B51ABCB90400DB3ED1 /* RCTGeolocation.xcodeproj */,
				00C302BB1ABCB91800DB3ED1 /* RCTImage.xcodeproj */,
				78C398B01ACF4ADC00677621 /* RCTLinking.xcodeproj */,
				00C302D31ABCB9D200DB3ED1 /* RCTNetwork.xcodeproj */,
				139105B61AF99BAD00B5F7CC /* RCTSettings.xcodeproj */,
				832341B01AAA6A8300B99B32 /* RCTText.xcodeproj */,
				00C302DF1ABCB9EE00DB3ED1 /* RCTVibration.xcodeproj */,
				139FDEE61B06529A00C62182 /* RCTWebSocket.xcodeproj */,
				7F98AC43211344C684DAEA00 /* RNVectorIcons.xcodeproj */,
				1A259CD148C84F28A76A7D9B /* RNSVG.xcodeproj */,
				A10079B7E090452F9A961443 /* CodePush.xcodeproj */,
				732D0E6FF7B84ECAAE5C936A /* RCTOrientation.xcodeproj */,
				F26D3EFEB25C4E879FB0B602 /* RNAudio.xcodeproj */,
				FF6F7A539AB24D6394B7192F /* RNSound.xcodeproj */,
				E3FBAE803AB845E4A91E0A5A /* RNFS.xcodeproj */,
			);
			name = Libraries;
			sourceTree = "<group>";
		};
		832341B11AAA6A8300B99B32 /* Products */ = {
			isa = PBXGroup;
			children = (
				832341B51AAA6A8300B99B32 /* libRCTText.a */,
			);
			name = Products;
			sourceTree = "<group>";
		};
		83CBB9F61A601CBA00E9B192 = {
			isa = PBXGroup;
			children = (
				DEF223D61CE2892400C6FC7E /* libz.tbd */,
				DE0A4B821CCBC62500A637DF /* HockeySDK.framework */,
				DE0A4B801CCBC5C000A637DF /* HockeySDK.embeddedframework */,
				13B07FAE1A68108700A75B9A /* dmx */,
				832341AE1AAA6A7D00B99B32 /* Libraries */,
				00E356EF1AD99517003FC87E /* dmxTests */,
				83CBBA001A601CBA00E9B192 /* Products */,
				F03AE386F4B14A69B7890E30 /* Resources */,
				8764471B0A6D19A16C09A9BF /* Pods */,
				ABA4F540BA84E461FBCCB9C7 /* Frameworks */,
			);
			indentWidth = 2;
			sourceTree = "<group>";
			tabWidth = 2;
		};
		83CBBA001A601CBA00E9B192 /* Products */ = {
			isa = PBXGroup;
			children = (
				13B07F961A680F5B00A75B9A /* dmx.app */,
				00E356EE1AD99517003FC87E /* dmxTests.xctest */,
			);
			name = Products;
			sourceTree = "<group>";
		};
		8764471B0A6D19A16C09A9BF /* Pods */ = {
			isa = PBXGroup;
			children = (
				AC7A2AF2DC73EC97814B2FB0 /* Pods-dmx.debug.xcconfig */,
				F1323208FAE94E33E307C479 /* Pods-dmx.release.xcconfig */,
				F16BB0F6BF75AF3922D74AB5 /* Pods-dmxTests.debug.xcconfig */,
				C089F934792C54BD67D38EBA /* Pods-dmxTests.release.xcconfig */,
			);
			name = Pods;
			sourceTree = "<group>";
		};
		A83B1BF71CACCCE00082335E /* Products */ = {
			isa = PBXGroup;
			children = (
				A83B1BFB1CACCCE00082335E /* libRCTPushNotification.a */,
			);
			name = Products;
			sourceTree = "<group>";
		};
		A85BF0ED1C94E83A00AD8AF9 /* Products */ = {
			isa = PBXGroup;
			children = (
				A85BF0FC1C94E83A00AD8AF9 /* libRNVectorIcons.a */,
			);
			name = Products;
			sourceTree = "<group>";
		};
		ABA4F540BA84E461FBCCB9C7 /* Frameworks */ = {
			isa = PBXGroup;
			children = (
				F442A3461D78AA3F00A7B0AB /* QuartzCore.framework */,
				F442A3441D78AA3500A7B0AB /* CoreGraphics.framework */,
				7F4933DBA6C4008AF8660494 /* libPods-dmx.a */,
				E7B285B61031CDE2DA1739A5 /* libPods-dmxTests.a */,
			);
			name = Frameworks;
			sourceTree = "<group>";
		};
		DE18ED141CCCF71C005BD882 /* Products */ = {
			isa = PBXGroup;
			children = (
				DE18ED251CCCF71C005BD882 /* libRNSVG.a */,
			);
			name = Products;
			sourceTree = "<group>";
		};
		DE83FCE41CF80C8800526ADA /* Products */ = {
			isa = PBXGroup;
			children = (
				DE83FCE81CF80C8800526ADA /* libRCTCamera.a */,
			);
			name = Products;
			sourceTree = "<group>";
		};
		DEB271D31D43773A00A6498B /* Products */ = {
			isa = PBXGroup;
			children = (
				F4B34E651D78A7D2006D4AEB /* libKIF.a */,
				DEB271D71D43773B00A6498B /* libPods-dmx.a */,
				F4C54F741D7A5850001AF70D /* libPods-dmxTests.a */,
			);
			name = Products;
			sourceTree = "<group>";
		};
		DEF223C21CE288C700C6FC7E /* Products */ = {
			isa = PBXGroup;
			children = (
				DEF223C61CE288C700C6FC7E /* libCodePush.a */,
			);
			name = Products;
			sourceTree = "<group>";
		};
		F03AE386F4B14A69B7890E30 /* Resources */ = {
			isa = PBXGroup;
			children = (
				DE1CB66D1CAD0BA00058DA88 /* dmx-font.ttf */,
				C4B6EEBC891B441595F03935 /* Entypo.ttf */,
				5F6A0CB61AC24A82B631DB6D /* EvilIcons.ttf */,
				7FC7CB8048E04672B6E07C59 /* FontAwesome.ttf */,
				014B77971A684452860E4924 /* Foundation.ttf */,
				E7F3731B61024F9297B689EA /* Ionicons.ttf */,
				1BF342297E9946638939062C /* MaterialIcons.ttf */,
				ED0760824D7348B8BD325366 /* Octicons.ttf */,
				C096C4B2B69748D8AEBC25B2 /* Zocial.ttf */,
			);
			name = Resources;
			sourceTree = "<group>";
		};
/* End PBXGroup section */

/* Begin PBXNativeTarget section */
		00E356ED1AD99517003FC87E /* dmxTests */ = {
			isa = PBXNativeTarget;
			buildConfigurationList = 00E357021AD99517003FC87E /* Build configuration list for PBXNativeTarget "dmxTests" */;
			buildPhases = (
				1DF37F2999498D74F561FF25 /* [CP] Check Pods Manifest.lock */,
				00E356EA1AD99517003FC87E /* Sources */,
				00E356EB1AD99517003FC87E /* Frameworks */,
				00E356EC1AD99517003FC87E /* Resources */,
				D5B634768D3DEA6698EAFB35 /* [CP] Embed Pods Frameworks */,
				F46148E2843E925B9294617C /* [CP] Copy Pods Resources */,
			);
			buildRules = (
			);
			dependencies = (
				00E356F51AD99517003FC87E /* PBXTargetDependency */,
			);
			name = dmxTests;
			productName = dmxTests;
			productReference = 00E356EE1AD99517003FC87E /* dmxTests.xctest */;
			productType = "com.apple.product-type.bundle.unit-test";
		};
		13B07F861A680F5B00A75B9A /* dmx */ = {
			isa = PBXNativeTarget;
			buildConfigurationList = 13B07F931A680F5B00A75B9A /* Build configuration list for PBXNativeTarget "dmx" */;
			buildPhases = (
				99C817F4ADFBE64F4B143FFF /* [CP] Check Pods Manifest.lock */,
				13B07F871A680F5B00A75B9A /* Sources */,
				13B07F8C1A680F5B00A75B9A /* Frameworks */,
				13B07F8E1A680F5B00A75B9A /* Resources */,
				00DD1BFF1BD5951E006B06BC /* Bundle React Native code and images */,
				DE0A4B7D1CCBC50500A637DF /* HockeyApp Build */,
				3C2C3A12FA163987D71F6489 /* [CP] Embed Pods Frameworks */,
				A1844C487CB7A3813FD67B11 /* [CP] Copy Pods Resources */,
			);
			buildRules = (
			);
			dependencies = (
			);
			name = dmx;
			productName = "Hello World";
			productReference = 13B07F961A680F5B00A75B9A /* dmx.app */;
			productType = "com.apple.product-type.application";
		};
/* End PBXNativeTarget section */

/* Begin PBXProject section */
		83CBB9F71A601CBA00E9B192 /* Project object */ = {
			isa = PBXProject;
			attributes = {
				LastUpgradeCheck = 730;
				ORGANIZATIONNAME = Facebook;
				TargetAttributes = {
					00E356ED1AD99517003FC87E = {
						CreatedOnToolsVersion = 6.2;
						TestTargetID = 13B07F861A680F5B00A75B9A;
					};
					13B07F861A680F5B00A75B9A = {
						DevelopmentTeam = MCVHE8NKKW;
					};
				};
			};
			buildConfigurationList = 83CBB9FA1A601CBA00E9B192 /* Build configuration list for PBXProject "dmx" */;
			compatibilityVersion = "Xcode 3.2";
			developmentRegion = English;
			hasScannedForEncodings = 0;
			knownRegions = (
				en,
				Base,
			);
			mainGroup = 83CBB9F61A601CBA00E9B192;
			productRefGroup = 83CBBA001A601CBA00E9B192 /* Products */;
			projectDirPath = "";
			projectReferences = (
				{
					ProductGroup = DEF223C21CE288C700C6FC7E /* Products */;
					ProjectRef = A10079B7E090452F9A961443 /* CodePush.xcodeproj */;
				},
				{
					ProductGroup = DEB271D31D43773A00A6498B /* Products */;
					ProjectRef = DEB271D21D43773A00A6498B /* Pods.xcodeproj */;
				},
				{
					ProductGroup = 00C302A81ABCB8CE00DB3ED1 /* Products */;
					ProjectRef = 00C302A71ABCB8CE00DB3ED1 /* RCTActionSheet.xcodeproj */;
				},
				{
					ProductGroup = DE83FCE41CF80C8800526ADA /* Products */;
					ProjectRef = DE83FCE31CF80C8800526ADA /* RCTCamera.xcodeproj */;
				},
				{
					ProductGroup = 00C302B61ABCB90400DB3ED1 /* Products */;
					ProjectRef = 00C302B51ABCB90400DB3ED1 /* RCTGeolocation.xcodeproj */;
				},
				{
					ProductGroup = 00C302BC1ABCB91800DB3ED1 /* Products */;
					ProjectRef = 00C302BB1ABCB91800DB3ED1 /* RCTImage.xcodeproj */;
				},
				{
					ProductGroup = 78C398B11ACF4ADC00677621 /* Products */;
					ProjectRef = 78C398B01ACF4ADC00677621 /* RCTLinking.xcodeproj */;
				},
				{
					ProductGroup = 00C302D41ABCB9D200DB3ED1 /* Products */;
					ProjectRef = 00C302D31ABCB9D200DB3ED1 /* RCTNetwork.xcodeproj */;
				},
				{
					ProductGroup = 7DB8787B1D0FE209004F447E /* Products */;
					ProjectRef = 732D0E6FF7B84ECAAE5C936A /* RCTOrientation.xcodeproj */;
				},
				{
					ProductGroup = A83B1BF71CACCCE00082335E /* Products */;
					ProjectRef = A83B1BF61CACCCE00082335E /* RCTPushNotification.xcodeproj */;
				},
				{
					ProductGroup = 139105B71AF99BAD00B5F7CC /* Products */;
					ProjectRef = 139105B61AF99BAD00B5F7CC /* RCTSettings.xcodeproj */;
				},
				{
					ProductGroup = 832341B11AAA6A8300B99B32 /* Products */;
					ProjectRef = 832341B01AAA6A8300B99B32 /* RCTText.xcodeproj */;
				},
				{
					ProductGroup = 00C302E01ABCB9EE00DB3ED1 /* Products */;
					ProjectRef = 00C302DF1ABCB9EE00DB3ED1 /* RCTVibration.xcodeproj */;
				},
				{
					ProductGroup = 139FDEE71B06529A00C62182 /* Products */;
					ProjectRef = 139FDEE61B06529A00C62182 /* RCTWebSocket.xcodeproj */;
				},
				{
					ProductGroup = 146834001AC3E56700842450 /* Products */;
					ProjectRef = 146833FF1AC3E56700842450 /* React.xcodeproj */;
				},
				{
					ProductGroup = 6C18803E1D67988600F29F41 /* Products */;
					ProjectRef = 6C18803D1D67988600F29F41 /* ReactNativePermissions.xcodeproj */;
				},
				{
					ProductGroup = 069D687C1D1DA49700D7CCBD /* Products */;
					ProjectRef = F26D3EFEB25C4E879FB0B602 /* RNAudio.xcodeproj */;
				},
				{
					ProductGroup = 6F45C1CD1CAE1D5700FD7E2F /* Products */;
					ProjectRef = 6F45C1CC1CAE1D5700FD7E2F /* RNDeviceInfo.xcodeproj */;
				},
				{
					ProductGroup = 0609E6D11D25CF6600806E98 /* Products */;
					ProjectRef = E3FBAE803AB845E4A91E0A5A /* RNFS.xcodeproj */;
				},
				{
					ProductGroup = 06E407561D22B1A20033A7C5 /* Products */;
					ProjectRef = FF6F7A539AB24D6394B7192F /* RNSound.xcodeproj */;
				},
				{
					ProductGroup = DE18ED141CCCF71C005BD882 /* Products */;
					ProjectRef = 1A259CD148C84F28A76A7D9B /* RNSVG.xcodeproj */;
				},
				{
					ProductGroup = A85BF0ED1C94E83A00AD8AF9 /* Products */;
					ProjectRef = 7F98AC43211344C684DAEA00 /* RNVectorIcons.xcodeproj */;
				},
			);
			projectRoot = "";
			targets = (
				13B07F861A680F5B00A75B9A /* dmx */,
				00E356ED1AD99517003FC87E /* dmxTests */,
			);
		};
/* End PBXProject section */

/* Begin PBXReferenceProxy section */
		00C302AC1ABCB8CE00DB3ED1 /* libRCTActionSheet.a */ = {
			isa = PBXReferenceProxy;
			fileType = archive.ar;
			path = libRCTActionSheet.a;
			remoteRef = 00C302AB1ABCB8CE00DB3ED1 /* PBXContainerItemProxy */;
			sourceTree = BUILT_PRODUCTS_DIR;
		};
		00C302BA1ABCB90400DB3ED1 /* libRCTGeolocation.a */ = {
			isa = PBXReferenceProxy;
			fileType = archive.ar;
			path = libRCTGeolocation.a;
			remoteRef = 00C302B91ABCB90400DB3ED1 /* PBXContainerItemProxy */;
			sourceTree = BUILT_PRODUCTS_DIR;
		};
		00C302C01ABCB91800DB3ED1 /* libRCTImage.a */ = {
			isa = PBXReferenceProxy;
			fileType = archive.ar;
			path = libRCTImage.a;
			remoteRef = 00C302BF1ABCB91800DB3ED1 /* PBXContainerItemProxy */;
			sourceTree = BUILT_PRODUCTS_DIR;
		};
		00C302DC1ABCB9D200DB3ED1 /* libRCTNetwork.a */ = {
			isa = PBXReferenceProxy;
			fileType = archive.ar;
			path = libRCTNetwork.a;
			remoteRef = 00C302DB1ABCB9D200DB3ED1 /* PBXContainerItemProxy */;
			sourceTree = BUILT_PRODUCTS_DIR;
		};
		00C302E41ABCB9EE00DB3ED1 /* libRCTVibration.a */ = {
			isa = PBXReferenceProxy;
			fileType = archive.ar;
			path = libRCTVibration.a;
			remoteRef = 00C302E31ABCB9EE00DB3ED1 /* PBXContainerItemProxy */;
			sourceTree = BUILT_PRODUCTS_DIR;
		};
		0609E6E61D25CF6600806E98 /* libRNFS.a */ = {
			isa = PBXReferenceProxy;
			fileType = archive.ar;
			path = libRNFS.a;
			remoteRef = 0609E6E51D25CF6600806E98 /* PBXContainerItemProxy */;
			sourceTree = BUILT_PRODUCTS_DIR;
		};
		069D688E1D1DA49700D7CCBD /* libRNAudio.a */ = {
			isa = PBXReferenceProxy;
			fileType = archive.ar;
			path = libRNAudio.a;
			remoteRef = 069D688D1D1DA49700D7CCBD /* PBXContainerItemProxy */;
			sourceTree = BUILT_PRODUCTS_DIR;
		};
		06E4076A1D22B1A20033A7C5 /* libRNSound.a */ = {
			isa = PBXReferenceProxy;
			fileType = archive.ar;
			path = libRNSound.a;
			remoteRef = 06E407691D22B1A20033A7C5 /* PBXContainerItemProxy */;
			sourceTree = BUILT_PRODUCTS_DIR;
		};
		139105C11AF99BAD00B5F7CC /* libRCTSettings.a */ = {
			isa = PBXReferenceProxy;
			fileType = archive.ar;
			path = libRCTSettings.a;
			remoteRef = 139105C01AF99BAD00B5F7CC /* PBXContainerItemProxy */;
			sourceTree = BUILT_PRODUCTS_DIR;
		};
		139FDEF41B06529B00C62182 /* libRCTWebSocket.a */ = {
			isa = PBXReferenceProxy;
			fileType = archive.ar;
			path = libRCTWebSocket.a;
			remoteRef = 139FDEF31B06529B00C62182 /* PBXContainerItemProxy */;
			sourceTree = BUILT_PRODUCTS_DIR;
		};
		146834041AC3E56700842450 /* libReact.a */ = {
			isa = PBXReferenceProxy;
			fileType = archive.ar;
			path = libReact.a;
			remoteRef = 146834031AC3E56700842450 /* PBXContainerItemProxy */;
			sourceTree = BUILT_PRODUCTS_DIR;
		};
		6C1880511D67988700F29F41 /* libReactNativePermissions.a */ = {
			isa = PBXReferenceProxy;
			fileType = archive.ar;
			path = libReactNativePermissions.a;
			remoteRef = 6C1880501D67988700F29F41 /* PBXContainerItemProxy */;
			sourceTree = BUILT_PRODUCTS_DIR;
		};
		6F45C1D11CAE1D5800FD7E2F /* libRNDeviceInfo.a */ = {
			isa = PBXReferenceProxy;
			fileType = archive.ar;
			path = libRNDeviceInfo.a;
			remoteRef = 6F45C1D01CAE1D5800FD7E2F /* PBXContainerItemProxy */;
			sourceTree = BUILT_PRODUCTS_DIR;
		};
		78C398B91ACF4ADC00677621 /* libRCTLinking.a */ = {
			isa = PBXReferenceProxy;
			fileType = archive.ar;
			path = libRCTLinking.a;
			remoteRef = 78C398B81ACF4ADC00677621 /* PBXContainerItemProxy */;
			sourceTree = BUILT_PRODUCTS_DIR;
		};
		7DB878861D0FE209004F447E /* libRCTOrientation.a */ = {
			isa = PBXReferenceProxy;
			fileType = archive.ar;
			path = libRCTOrientation.a;
			remoteRef = 7DB878851D0FE209004F447E /* PBXContainerItemProxy */;
			sourceTree = BUILT_PRODUCTS_DIR;
		};
		832341B51AAA6A8300B99B32 /* libRCTText.a */ = {
			isa = PBXReferenceProxy;
			fileType = archive.ar;
			path = libRCTText.a;
			remoteRef = 832341B41AAA6A8300B99B32 /* PBXContainerItemProxy */;
			sourceTree = BUILT_PRODUCTS_DIR;
		};
		A83B1BFB1CACCCE00082335E /* libRCTPushNotification.a */ = {
			isa = PBXReferenceProxy;
			fileType = archive.ar;
			path = libRCTPushNotification.a;
			remoteRef = A83B1BFA1CACCCE00082335E /* PBXContainerItemProxy */;
			sourceTree = BUILT_PRODUCTS_DIR;
		};
		A85BF0FC1C94E83A00AD8AF9 /* libRNVectorIcons.a */ = {
			isa = PBXReferenceProxy;
			fileType = archive.ar;
			path = libRNVectorIcons.a;
			remoteRef = A85BF0FB1C94E83A00AD8AF9 /* PBXContainerItemProxy */;
			sourceTree = BUILT_PRODUCTS_DIR;
		};
		DE18ED251CCCF71C005BD882 /* libRNSVG.a */ = {
			isa = PBXReferenceProxy;
			fileType = archive.ar;
			path = libRNSVG.a;
			remoteRef = DE18ED241CCCF71C005BD882 /* PBXContainerItemProxy */;
			sourceTree = BUILT_PRODUCTS_DIR;
		};
		DE83FCE81CF80C8800526ADA /* libRCTCamera.a */ = {
			isa = PBXReferenceProxy;
			fileType = archive.ar;
			path = libRCTCamera.a;
			remoteRef = DE83FCE71CF80C8800526ADA /* PBXContainerItemProxy */;
			sourceTree = BUILT_PRODUCTS_DIR;
		};
		DEB271D71D43773B00A6498B /* libPods-dmx.a */ = {
			isa = PBXReferenceProxy;
			fileType = archive.ar;
			path = "libPods-dmx.a";
			remoteRef = DEB271D61D43773B00A6498B /* PBXContainerItemProxy */;
			sourceTree = BUILT_PRODUCTS_DIR;
		};
		DEF223C61CE288C700C6FC7E /* libCodePush.a */ = {
			isa = PBXReferenceProxy;
			fileType = archive.ar;
			path = libCodePush.a;
			remoteRef = DEF223C51CE288C700C6FC7E /* PBXContainerItemProxy */;
			sourceTree = BUILT_PRODUCTS_DIR;
		};
		F4B34E651D78A7D2006D4AEB /* libKIF.a */ = {
			isa = PBXReferenceProxy;
			fileType = archive.ar;
			path = libKIF.a;
			remoteRef = F4B34E641D78A7D2006D4AEB /* PBXContainerItemProxy */;
			sourceTree = BUILT_PRODUCTS_DIR;
		};
		F4C54F741D7A5850001AF70D /* libPods-dmxTests.a */ = {
			isa = PBXReferenceProxy;
			fileType = archive.ar;
			path = "libPods-dmxTests.a";
			remoteRef = F4C54F731D7A5850001AF70D /* PBXContainerItemProxy */;
			sourceTree = BUILT_PRODUCTS_DIR;
		};
/* End PBXReferenceProxy section */

/* Begin PBXResourcesBuildPhase section */
		00E356EC1AD99517003FC87E /* Resources */ = {
			isa = PBXResourcesBuildPhase;
			buildActionMask = 2147483647;
			files = (
			);
			runOnlyForDeploymentPostprocessing = 0;
		};
		13B07F8E1A680F5B00A75B9A /* Resources */ = {
			isa = PBXResourcesBuildPhase;
			buildActionMask = 2147483647;
			files = (
				13B07FBF1A68108700A75B9A /* Images.xcassets in Resources */,
				C679D66670B8478590C6EAF7 /* Entypo.ttf in Resources */,
				3BFA4509BBA943E79B473F2D /* EvilIcons.ttf in Resources */,
				2678DA39D4A74CE5B29262CC /* FontAwesome.ttf in Resources */,
				000E7C906C574E769741DF5E /* Foundation.ttf in Resources */,
				D63E7E6C5E9F48A89DB77D76 /* Ionicons.ttf in Resources */,
				D29B77FB2350450B8AC916BC /* MaterialIcons.ttf in Resources */,
				B021EB09957045378A815D0F /* Octicons.ttf in Resources */,
				C4898656AFB74266883AE037 /* Zocial.ttf in Resources */,
				DE1CB66E1CAD0BA00058DA88 /* dmx-font.ttf in Resources */,
			);
			runOnlyForDeploymentPostprocessing = 0;
		};
/* End PBXResourcesBuildPhase section */

/* Begin PBXShellScriptBuildPhase section */
		00DD1BFF1BD5951E006B06BC /* Bundle React Native code and images */ = {
			isa = PBXShellScriptBuildPhase;
			buildActionMask = 2147483647;
			files = (
			);
			inputPaths = (
			);
			name = "Bundle React Native code and images";
			outputPaths = (
			);
			runOnlyForDeploymentPostprocessing = 0;
			shellPath = /bin/sh;
			shellScript = "export NODE_BINARY=node\n../node_modules/react-native/packager/react-native-xcode.sh";
		};
		1DF37F2999498D74F561FF25 /* [CP] Check Pods Manifest.lock */ = {
			isa = PBXShellScriptBuildPhase;
			buildActionMask = 2147483647;
			files = (
			);
			inputPaths = (
			);
			name = "[CP] Check Pods Manifest.lock";
			outputPaths = (
			);
			runOnlyForDeploymentPostprocessing = 0;
			shellPath = /bin/sh;
			shellScript = "diff \"${PODS_ROOT}/../Podfile.lock\" \"${PODS_ROOT}/Manifest.lock\" > /dev/null\nif [[ $? != 0 ]] ; then\n    cat << EOM\nerror: The sandbox is not in sync with the Podfile.lock. Run 'pod install' or update your CocoaPods installation.\nEOM\n    exit 1\nfi\n";
			showEnvVarsInLog = 0;
		};
		3C2C3A12FA163987D71F6489 /* [CP] Embed Pods Frameworks */ = {
			isa = PBXShellScriptBuildPhase;
			buildActionMask = 2147483647;
			files = (
			);
			inputPaths = (
			);
			name = "[CP] Embed Pods Frameworks";
			outputPaths = (
			);
			runOnlyForDeploymentPostprocessing = 0;
			shellPath = /bin/sh;
			shellScript = "\"${SRCROOT}/Pods/Target Support Files/Pods-dmx/Pods-dmx-frameworks.sh\"\n";
			showEnvVarsInLog = 0;
		};
		99C817F4ADFBE64F4B143FFF /* [CP] Check Pods Manifest.lock */ = {
			isa = PBXShellScriptBuildPhase;
			buildActionMask = 2147483647;
			files = (
			);
			inputPaths = (
			);
			name = "[CP] Check Pods Manifest.lock";
			outputPaths = (
			);
			runOnlyForDeploymentPostprocessing = 0;
			shellPath = /bin/sh;
			shellScript = "diff \"${PODS_ROOT}/../Podfile.lock\" \"${PODS_ROOT}/Manifest.lock\" > /dev/null\nif [[ $? != 0 ]] ; then\n    cat << EOM\nerror: The sandbox is not in sync with the Podfile.lock. Run 'pod install' or update your CocoaPods installation.\nEOM\n    exit 1\nfi\n";
			showEnvVarsInLog = 0;
		};
		A1844C487CB7A3813FD67B11 /* [CP] Copy Pods Resources */ = {
			isa = PBXShellScriptBuildPhase;
			buildActionMask = 2147483647;
			files = (
			);
			inputPaths = (
			);
			name = "[CP] Copy Pods Resources";
			outputPaths = (
			);
			runOnlyForDeploymentPostprocessing = 0;
			shellPath = /bin/sh;
			shellScript = "\"${SRCROOT}/Pods/Target Support Files/Pods-dmx/Pods-dmx-resources.sh\"\n";
			showEnvVarsInLog = 0;
		};
		D5B634768D3DEA6698EAFB35 /* [CP] Embed Pods Frameworks */ = {
			isa = PBXShellScriptBuildPhase;
			buildActionMask = 2147483647;
			files = (
			);
			inputPaths = (
			);
			name = "[CP] Embed Pods Frameworks";
			outputPaths = (
			);
			runOnlyForDeploymentPostprocessing = 0;
			shellPath = /bin/sh;
			shellScript = "\"${SRCROOT}/Pods/Target Support Files/Pods-dmxTests/Pods-dmxTests-frameworks.sh\"\n";
			showEnvVarsInLog = 0;
		};
		DE0A4B7D1CCBC50500A637DF /* HockeyApp Build */ = {
			isa = PBXShellScriptBuildPhase;
			buildActionMask = 2147483647;
			files = (
			);
			inputPaths = (
			);
			name = "HockeyApp Build";
			outputPaths = (
			);
			runOnlyForDeploymentPostprocessing = 0;
			shellPath = /bin/sh;
			shellScript = "FILE=\"${SRCROOT}/HockeySDK-iOS/BuildAgent\"\nif [ -f \"$FILE\" ]; then\n\"$FILE\"\nfi";
		};
		F46148E2843E925B9294617C /* [CP] Copy Pods Resources */ = {
			isa = PBXShellScriptBuildPhase;
			buildActionMask = 2147483647;
			files = (
			);
			inputPaths = (
			);
			name = "[CP] Copy Pods Resources";
			outputPaths = (
			);
			runOnlyForDeploymentPostprocessing = 0;
			shellPath = /bin/sh;
			shellScript = "\"${SRCROOT}/Pods/Target Support Files/Pods-dmxTests/Pods-dmxTests-resources.sh\"\n";
			showEnvVarsInLog = 0;
		};
/* End PBXShellScriptBuildPhase section */

/* Begin PBXSourcesBuildPhase section */
		00E356EA1AD99517003FC87E /* Sources */ = {
			isa = PBXSourcesBuildPhase;
			buildActionMask = 2147483647;
			files = (
				F442A3861D79C9A100A7B0AB /* LoginTestCase.m in Sources */,
				F442A3CD1D79DA5900A7B0AB /* KIFUITestActor+EXAdditions.m in Sources */,
			);
			runOnlyForDeploymentPostprocessing = 0;
		};
		13B07F871A680F5B00A75B9A /* Sources */ = {
			isa = PBXSourcesBuildPhase;
			buildActionMask = 2147483647;
			files = (
				DEB33A181CA8C967004A0BB5 /* base64.m in Sources */,
				DE1ACD741CF0426000091D44 /* FileUpload.m in Sources */,
				13B07FBC1A68108700A75B9A /* AppDelegate.m in Sources */,
				13B07FC11A68108700A75B9A /* main.m in Sources */,
				0639C1E21D1B269600AE4658 /* RNVinScanner.m in Sources */,
				BABFAB2E6F0191858F081520 /* ImageResizeManager.m in Sources */,
			);
			runOnlyForDeploymentPostprocessing = 0;
		};
/* End PBXSourcesBuildPhase section */

/* Begin PBXTargetDependency section */
		00E356F51AD99517003FC87E /* PBXTargetDependency */ = {
			isa = PBXTargetDependency;
			target = 13B07F861A680F5B00A75B9A /* dmx */;
			targetProxy = 00E356F41AD99517003FC87E /* PBXContainerItemProxy */;
		};
/* End PBXTargetDependency section */

/* Begin XCBuildConfiguration section */
		00E356F61AD99517003FC87E /* Debug */ = {
			isa = XCBuildConfiguration;
			baseConfigurationReference = F16BB0F6BF75AF3922D74AB5 /* Pods-dmxTests.debug.xcconfig */;
			buildSettings = {
				BUNDLE_LOADER = "$(TEST_HOST)";
				FRAMEWORK_SEARCH_PATHS = (
					"$(SDKROOT)/Developer/Library/Frameworks",
					"$(inherited)",
				);
				GCC_PREPROCESSOR_DEFINITIONS = (
					"DEBUG=1",
					"$(inherited)",
				);
				HEADER_SEARCH_PATHS = (
					"$(inherited)",
					/Applications/Xcode.app/Contents/Developer/Toolchains/XcodeDefault.xctoolchain/usr/include,
					"$(SRCROOT)/../node_modules/react-native/React/**",
					"$(SRCROOT)/../node_modules/react-native-vector-icons/RNVectorIconsManager",
					"$(SRCROOT)/../node_modules/react-native-svg/ios/**",
					"$(SRCROOT)/../node_modules/react-native-code-push/ios/CodePush/**",
					"$(SRCROOT)/../node_modules/react-native-orientation/iOS/RCTOrientation/**",
					"$(SRCROOT)/../app/common/react-native-vin-scanner/ios/RNVinScanner/RNVinScanner/**",
					"$(SRCROOT)/../node_modules/react-native-audio/ios",
					"$(SRCROOT)/../node_modules/react-native-sound/RNSound",
					"$(SRCROOT)/../node_modules/react-native-file-download",
					"$(SRCROOT)/../node_modules/react-native-fs/**",
					"$(SRCROOT)/Frameworks/KIF/**",
				);
				INFOPLIST_FILE = dmxTests/Info.plist;
				IPHONEOS_DEPLOYMENT_TARGET = 9.3;
				LD_RUNPATH_SEARCH_PATHS = "$(inherited) @executable_path/Frameworks @loader_path/Frameworks";
				LIBRARY_SEARCH_PATHS = (
					"$(inherited)",
					"\"$(SRCROOT)/$(TARGET_NAME)\"",
					"\"$(SRCROOT)/$(TARGET_NAME)\"",
				);
				OTHER_LDFLAGS = (
					"-framework",
					IOKit,
					"-ObjC",
				);
				PRODUCT_BUNDLE_IDENTIFIER = "org.reactjs.native.example.$(PRODUCT_NAME:rfc1034identifier)";
				PRODUCT_NAME = "$(TARGET_NAME)";
				TEST_HOST = "$(BUILT_PRODUCTS_DIR)/dmx.app/dmx";
			};
			name = Debug;
		};
		00E356F71AD99517003FC87E /* Release */ = {
			isa = XCBuildConfiguration;
			baseConfigurationReference = C089F934792C54BD67D38EBA /* Pods-dmxTests.release.xcconfig */;
			buildSettings = {
				BUNDLE_LOADER = "$(TEST_HOST)";
				COPY_PHASE_STRIP = NO;
				FRAMEWORK_SEARCH_PATHS = (
					"$(SDKROOT)/Developer/Library/Frameworks",
					"$(inherited)",
				);
				HEADER_SEARCH_PATHS = (
					"$(inherited)",
					/Applications/Xcode.app/Contents/Developer/Toolchains/XcodeDefault.xctoolchain/usr/include,
					"$(SRCROOT)/../node_modules/react-native/React/**",
					"$(SRCROOT)/../node_modules/react-native-vector-icons/RNVectorIconsManager",
					"$(SRCROOT)/../node_modules/react-native-svg/ios/**",
					"$(SRCROOT)/../node_modules/react-native-code-push/ios/CodePush/**",
					"$(SRCROOT)/../node_modules/react-native-orientation/iOS/RCTOrientation/**",
					"$(SRCROOT)/../app/common/react-native-vin-scanner/ios/RNVinScanner/RNVinScanner/**",
					"$(SRCROOT)/../node_modules/react-native-audio/ios",
					"$(SRCROOT)/../node_modules/react-native-sound/RNSound",
					"$(SRCROOT)/../node_modules/react-native-file-download",
					"$(SRCROOT)/../node_modules/react-native-fs/**",
					"$(SRCROOT)/Frameworks/KIF/**",
				);
				INFOPLIST_FILE = dmxTests/Info.plist;
				IPHONEOS_DEPLOYMENT_TARGET = 9.3;
				LD_RUNPATH_SEARCH_PATHS = "$(inherited) @executable_path/Frameworks @loader_path/Frameworks";
				LIBRARY_SEARCH_PATHS = (
					"$(inherited)",
					"\"$(SRCROOT)/$(TARGET_NAME)\"",
					"\"$(SRCROOT)/$(TARGET_NAME)\"",
				);
				OTHER_LDFLAGS = (
					"-framework",
					IOKit,
					"-ObjC",
				);
				PRODUCT_BUNDLE_IDENTIFIER = "org.reactjs.native.example.$(PRODUCT_NAME:rfc1034identifier)";
				PRODUCT_NAME = "$(TARGET_NAME)";
				TEST_HOST = "$(BUILT_PRODUCTS_DIR)/dmx.app/dmx";
			};
			name = Release;
		};
		13B07F941A680F5B00A75B9A /* Debug */ = {
			isa = XCBuildConfiguration;
			baseConfigurationReference = AC7A2AF2DC73EC97814B2FB0 /* Pods-dmx.debug.xcconfig */;
			buildSettings = {
				ALWAYS_SEARCH_USER_PATHS = YES;
				"ARCHS[sdk=*]" = "$(ARCHS_STANDARD)";
				ASSETCATALOG_COMPILER_APPICON_NAME = AppIcon;
				ASSETCATALOG_COMPILER_LAUNCHIMAGE_NAME = LaunchImage;
				CODE_SIGN_IDENTITY = "iPhone Developer";
				"CODE_SIGN_IDENTITY[sdk=iphoneos*]" = "iPhone Developer";
				DEAD_CODE_STRIPPING = NO;
				ENABLE_BITCODE = NO;
				FRAMEWORK_SEARCH_PATHS = (
					"$(inherited)",
					"$(PROJECT_DIR)/HockeySDK-iOS/HockeySDK.embeddedframework",
				);
				HEADER_SEARCH_PATHS = (
					"$(inherited)",
					/Applications/Xcode.app/Contents/Developer/Toolchains/XcodeDefault.xctoolchain/usr/include,
					"$(SRCROOT)/../node_modules/react-native/React/**",
					"$(SRCROOT)/../node_modules/react-native-vector-icons/RNVectorIconsManager",
					"$(SRCROOT)/../node_modules/react-native/Libraries/PushNotificationIOS/**",
					"$(SRCROOT)/../node_modules/react-native/Libraries/LinkingIOS/**",
					"$(SRCROOT)/../node_modules/react-native-svg/ios/**",
					"$(SRCROOT)/../node_modules/react-native-code-push/ios/CodePush/**",
					"$(SRCROOT)/../node_modules/react-native-orientation/iOS/RCTOrientation/**",
					"$(SRCROOT)/../app/common/react-native-vin-scanner/ios/RNVinScanner/RNVinScanner/**",
					"$(SRCROOT)/../node_modules/react-native-audio/ios",
					"$(SRCROOT)/../node_modules/react-native-sound/RNSound",
					"$(SRCROOT)/../node_modules/react-native-file-download",
					"$(SRCROOT)/../node_modules/react-native-fs/**",
				);
				INFOPLIST_FILE = dmx/Info.plist;
				LD_RUNPATH_SEARCH_PATHS = "$(inherited) @executable_path/Frameworks";
				LIBRARY_SEARCH_PATHS = (
					"$(inherited)",
					"$(PROJECT_DIR)",
				);
				OTHER_LDFLAGS = (
					"-ObjC",
					"$(inherited)",
				);
				PRODUCT_BUNDLE_IDENTIFIER = io.dmx.appraiseit;
				PRODUCT_NAME = dmx;
				PROVISIONING_PROFILE = "";
			};
			name = Debug;
		};
		13B07F951A680F5B00A75B9A /* Release */ = {
			isa = XCBuildConfiguration;
			baseConfigurationReference = F1323208FAE94E33E307C479 /* Pods-dmx.release.xcconfig */;
			buildSettings = {
				ALWAYS_SEARCH_USER_PATHS = YES;
				ASSETCATALOG_COMPILER_APPICON_NAME = AppIcon;
				ASSETCATALOG_COMPILER_LAUNCHIMAGE_NAME = LaunchImage;
				CODE_SIGN_IDENTITY = "iPhone Developer";
				"CODE_SIGN_IDENTITY[sdk=iphoneos*]" = "iPhone Developer";
				ENABLE_BITCODE = NO;
				FRAMEWORK_SEARCH_PATHS = (
					"$(inherited)",
					"$(PROJECT_DIR)/HockeySDK-iOS/HockeySDK.embeddedframework",
				);
				HEADER_SEARCH_PATHS = (
					"$(inherited)",
					/Applications/Xcode.app/Contents/Developer/Toolchains/XcodeDefault.xctoolchain/usr/include,
					"$(SRCROOT)/../node_modules/react-native/React/**",
					"$(SRCROOT)/../node_modules/react-native-vector-icons/RNVectorIconsManager",
					"$(SRCROOT)/../node_modules/react-native/Libraries/PushNotificationIOS/**",
					"$(SRCROOT)/../node_modules/react-native/Libraries/LinkingIOS/**",
					"$(SRCROOT)/../node_modules/react-native-svg/ios/**",
					"$(SRCROOT)/../node_modules/react-native-code-push/ios/CodePush/**",
					"$(SRCROOT)/../node_modules/react-native-orientation/iOS/RCTOrientation/**",
					"$(SRCROOT)/../app/common/react-native-vin-scanner/ios/RNVinScanner/RNVinScanner/**",
					"$(SRCROOT)/../node_modules/react-native-audio/ios",
					"$(SRCROOT)/../node_modules/react-native-sound/RNSound",
					"$(SRCROOT)/../node_modules/react-native-file-download",
					"$(SRCROOT)/../node_modules/react-native-fs/**",
				);
				INFOPLIST_FILE = dmx/Info.plist;
				LD_RUNPATH_SEARCH_PATHS = "$(inherited) @executable_path/Frameworks";
				LIBRARY_SEARCH_PATHS = (
					"$(inherited)",
					"$(PROJECT_DIR)",
				);
				OTHER_LDFLAGS = (
					"-ObjC",
					"$(inherited)",
				);
				PRODUCT_BUNDLE_IDENTIFIER = io.dmx.appraiseit;
				PRODUCT_NAME = dmx;
				PROVISIONING_PROFILE = "";
			};
			name = Release;
		};
		83CBBA201A601CBA00E9B192 /* Debug */ = {
			isa = XCBuildConfiguration;
			buildSettings = {
				ALWAYS_SEARCH_USER_PATHS = YES;
				CLANG_CXX_LANGUAGE_STANDARD = "gnu++0x";
				CLANG_CXX_LIBRARY = "libc++";
				CLANG_ENABLE_MODULES = YES;
				CLANG_ENABLE_OBJC_ARC = YES;
				CLANG_WARN_BOOL_CONVERSION = YES;
				CLANG_WARN_CONSTANT_CONVERSION = YES;
				CLANG_WARN_DIRECT_OBJC_ISA_USAGE = YES_ERROR;
				CLANG_WARN_EMPTY_BODY = YES;
				CLANG_WARN_ENUM_CONVERSION = YES;
				CLANG_WARN_INT_CONVERSION = YES;
				CLANG_WARN_OBJC_ROOT_CLASS = YES_ERROR;
				CLANG_WARN_UNREACHABLE_CODE = YES;
				CLANG_WARN__DUPLICATE_METHOD_MATCH = YES;
				CODE_SIGN_IDENTITY = "iPhone Developer: Edward Izzo (H2VC7RJZK5)";
				"CODE_SIGN_IDENTITY[sdk=iphoneos*]" = "iPhone Developer: Edward Izzo (H2VC7RJZK5)";
				COPY_PHASE_STRIP = NO;
				ENABLE_STRICT_OBJC_MSGSEND = YES;
				ENABLE_TESTABILITY = YES;
				GCC_C_LANGUAGE_STANDARD = gnu99;
				GCC_DYNAMIC_NO_PIC = NO;
				GCC_OPTIMIZATION_LEVEL = 0;
				GCC_PREPROCESSOR_DEFINITIONS = (
					"DEBUG=1",
					"$(inherited)",
				);
				GCC_SYMBOLS_PRIVATE_EXTERN = NO;
				GCC_WARN_64_TO_32_BIT_CONVERSION = YES;
				GCC_WARN_ABOUT_RETURN_TYPE = YES_ERROR;
				GCC_WARN_UNDECLARED_SELECTOR = YES;
				GCC_WARN_UNINITIALIZED_AUTOS = YES_AGGRESSIVE;
				GCC_WARN_UNUSED_FUNCTION = YES;
				GCC_WARN_UNUSED_VARIABLE = YES;
				HEADER_SEARCH_PATHS = (
					"$(inherited)",
					/Applications/Xcode.app/Contents/Developer/Toolchains/XcodeDefault.xctoolchain/usr/include,
					"$(SRCROOT)/../node_modules/react-native/React/**",
					"$(SRCROOT)/../node_modules/react-native-vector-icons/RNVectorIconsManager",
					"$(SRCROOT)/../node_modules/react-native-svg/ios/**",
					"$(SRCROOT)/../node_modules/react-native-code-push/ios/CodePush/**",
					"$(SRCROOT)/../node_modules/react-native-orientation/iOS/RCTOrientation/**",
					"$(SRCROOT)/../app/common/react-native-vin-scanner/ios/RNVinScanner/RNVinScanner/**",
					"$(SRCROOT)/../node_modules/react-native-audio/ios",
					"$(SRCROOT)/../node_modules/react-native-sound/RNSound",
					"$(SRCROOT)/../node_modules/react-native-file-download",
					"$(SRCROOT)/../node_modules/react-native-fs/**",
				);
				IPHONEOS_DEPLOYMENT_TARGET = 7.0;
				MTL_ENABLE_DEBUG_INFO = YES;
				ONLY_ACTIVE_ARCH = YES;
				SDKROOT = iphoneos;
			};
			name = Debug;
		};
		83CBBA211A601CBA00E9B192 /* Release */ = {
			isa = XCBuildConfiguration;
			buildSettings = {
				ALWAYS_SEARCH_USER_PATHS = YES;
				CLANG_CXX_LANGUAGE_STANDARD = "gnu++0x";
				CLANG_CXX_LIBRARY = "libc++";
				CLANG_ENABLE_MODULES = YES;
				CLANG_ENABLE_OBJC_ARC = YES;
				CLANG_WARN_BOOL_CONVERSION = YES;
				CLANG_WARN_CONSTANT_CONVERSION = YES;
				CLANG_WARN_DIRECT_OBJC_ISA_USAGE = YES_ERROR;
				CLANG_WARN_EMPTY_BODY = YES;
				CLANG_WARN_ENUM_CONVERSION = YES;
				CLANG_WARN_INT_CONVERSION = YES;
				CLANG_WARN_OBJC_ROOT_CLASS = YES_ERROR;
				CLANG_WARN_UNREACHABLE_CODE = YES;
				CLANG_WARN__DUPLICATE_METHOD_MATCH = YES;
				CODE_SIGN_IDENTITY = "iPhone Developer: Edward Izzo (H2VC7RJZK5)";
				"CODE_SIGN_IDENTITY[sdk=iphoneos*]" = "iPhone Developer: Edward Izzo (H2VC7RJZK5)";
				COPY_PHASE_STRIP = YES;
				ENABLE_NS_ASSERTIONS = NO;
				ENABLE_STRICT_OBJC_MSGSEND = YES;
				GCC_C_LANGUAGE_STANDARD = gnu99;
				GCC_WARN_64_TO_32_BIT_CONVERSION = YES;
				GCC_WARN_ABOUT_RETURN_TYPE = YES_ERROR;
				GCC_WARN_UNDECLARED_SELECTOR = YES;
				GCC_WARN_UNINITIALIZED_AUTOS = YES_AGGRESSIVE;
				GCC_WARN_UNUSED_FUNCTION = YES;
				GCC_WARN_UNUSED_VARIABLE = YES;
				HEADER_SEARCH_PATHS = (
					"$(inherited)",
					/Applications/Xcode.app/Contents/Developer/Toolchains/XcodeDefault.xctoolchain/usr/include,
					"$(SRCROOT)/../node_modules/react-native/React/**",
					"$(SRCROOT)/../node_modules/react-native-vector-icons/RNVectorIconsManager",
					"$(SRCROOT)/../node_modules/react-native-svg/ios/**",
					"$(SRCROOT)/../node_modules/react-native-code-push/ios/CodePush/**",
					"$(SRCROOT)/../node_modules/react-native-orientation/iOS/RCTOrientation/**",
					"$(SRCROOT)/../app/common/react-native-vin-scanner/ios/RNVinScanner/RNVinScanner/**",
					"$(SRCROOT)/../node_modules/react-native-audio/ios",
					"$(SRCROOT)/../node_modules/react-native-sound/RNSound",
					"$(SRCROOT)/../node_modules/react-native-file-download",
					"$(SRCROOT)/../node_modules/react-native-fs/**",
				);
				IPHONEOS_DEPLOYMENT_TARGET = 7.0;
				MTL_ENABLE_DEBUG_INFO = NO;
				SDKROOT = iphoneos;
				VALIDATE_PRODUCT = YES;
			};
			name = Release;
		};
/* End XCBuildConfiguration section */

/* Begin XCConfigurationList section */
		00E357021AD99517003FC87E /* Build configuration list for PBXNativeTarget "dmxTests" */ = {
			isa = XCConfigurationList;
			buildConfigurations = (
				00E356F61AD99517003FC87E /* Debug */,
				00E356F71AD99517003FC87E /* Release */,
			);
			defaultConfigurationIsVisible = 0;
			defaultConfigurationName = Release;
		};
		13B07F931A680F5B00A75B9A /* Build configuration list for PBXNativeTarget "dmx" */ = {
			isa = XCConfigurationList;
			buildConfigurations = (
				13B07F941A680F5B00A75B9A /* Debug */,
				13B07F951A680F5B00A75B9A /* Release */,
			);
			defaultConfigurationIsVisible = 0;
			defaultConfigurationName = Release;
		};
		83CBB9FA1A601CBA00E9B192 /* Build configuration list for PBXProject "dmx" */ = {
			isa = XCConfigurationList;
			buildConfigurations = (
				83CBBA201A601CBA00E9B192 /* Debug */,
				83CBBA211A601CBA00E9B192 /* Release */,
			);
			defaultConfigurationIsVisible = 0;
			defaultConfigurationName = Release;
		};
/* End XCConfigurationList section */
	};
	rootObject = 83CBB9F71A601CBA00E9B192 /* Project object */;
}
